// !$*UTF8*$!
{
	archiveVersion = 1;
	classes = {
	};
	objectVersion = 46;
	objects = {

/* Begin PBXBuildFile section */
		16E2870A6EEAB8B000AA43B5 /* libPods-TrackButs.a in Frameworks */ = {isa = PBXBuildFile; fileRef = E0EF9CF872AF30F5FC3DE4C1 /* libPods-TrackButs.a */; };
		65451E391AE380DC00617DD1 /* AppDelegate.m in Sources */ = {isa = PBXBuildFile; fileRef = 65451E381AE380DC00617DD1 /* AppDelegate.m */; };
		65451E3B1AE380DC00617DD1 /* main.m in Sources */ = {isa = PBXBuildFile; fileRef = 65451E3A1AE380DC00617DD1 /* main.m */; };
		65451E3E1AE380DC00617DD1 /* ViewController.m in Sources */ = {isa = PBXBuildFile; fileRef = 65451E3D1AE380DC00617DD1 /* ViewController.m */; };
		65451E401AE380DC00617DD1 /* Images.xcassets in Resources */ = {isa = PBXBuildFile; fileRef = 65451E3F1AE380DC00617DD1 /* Images.xcassets */; };
		65451E431AE380DC00617DD1 /* Main.storyboard in Resources */ = {isa = PBXBuildFile; fileRef = 65451E411AE380DC00617DD1 /* Main.storyboard */; };
		65451E4F1AE380DC00617DD1 /* TrackButsTests.m in Sources */ = {isa = PBXBuildFile; fileRef = 65451E4E1AE380DC00617DD1 /* TrackButsTests.m */; };
		65725A1B1AEA660F00635994 /* TBFiles.m in Sources */ = {isa = PBXBuildFile; fileRef = 65725A1A1AEA660F00635994 /* TBFiles.m */; };
		65725A1F1AEA6D8F00635994 /* TBLogConfigure.m in Sources */ = {isa = PBXBuildFile; fileRef = 65725A1E1AEA6D8F00635994 /* TBLogConfigure.m */; };
		65725A221AEA6F9F00635994 /* TBSettings.m in Sources */ = {isa = PBXBuildFile; fileRef = 65725A211AEA6F9F00635994 /* TBSettings.m */; };
		65725A251AEA766B00635994 /* TBLog.m in Sources */ = {isa = PBXBuildFile; fileRef = 65725A241AEA766B00635994 /* TBLog.m */; };
		65B91F5E1AE38272005FF61A /* TBAuthManager.m in Sources */ = {isa = PBXBuildFile; fileRef = 65B91F5D1AE38272005FF61A /* TBAuthManager.m */; };
		65B91F621AE382D1005FF61A /* TBConfigure.m in Sources */ = {isa = PBXBuildFile; fileRef = 65B91F611AE382D1005FF61A /* TBConfigure.m */; };
/* End PBXBuildFile section */

/* Begin PBXContainerItemProxy section */
		65451E491AE380DC00617DD1 /* PBXContainerItemProxy */ = {
			isa = PBXContainerItemProxy;
			containerPortal = 65451E2A1AE380DC00617DD1 /* Project object */;
			proxyType = 1;
			remoteGlobalIDString = 65451E311AE380DC00617DD1;
			remoteInfo = TrackButs;
		};
/* End PBXContainerItemProxy section */

/* Begin PBXFileReference section */
		506B8A18B51160B1A42FECF6 /* Pods-TrackButs.release.xcconfig */ = {isa = PBXFileReference; includeInIndex = 1; lastKnownFileType = text.xcconfig; name = "Pods-TrackButs.release.xcconfig"; path = "Pods/Target Support Files/Pods-TrackButs/Pods-TrackButs.release.xcconfig"; sourceTree = "<group>"; };
		51A66DF0EBE738CD5D720E1B /* Pods-TrackButs.debug.xcconfig */ = {isa = PBXFileReference; includeInIndex = 1; lastKnownFileType = text.xcconfig; name = "Pods-TrackButs.debug.xcconfig"; path = "Pods/Target Support Files/Pods-TrackButs/Pods-TrackButs.debug.xcconfig"; sourceTree = "<group>"; };
		65451E321AE380DC00617DD1 /* TrackButs.app */ = {isa = PBXFileReference; explicitFileType = wrapper.application; includeInIndex = 0; path = TrackButs.app; sourceTree = BUILT_PRODUCTS_DIR; };
		65451E361AE380DC00617DD1 /* Info.plist */ = {isa = PBXFileReference; lastKnownFileType = text.plist.xml; path = Info.plist; sourceTree = "<group>"; };
		65451E371AE380DC00617DD1 /* AppDelegate.h */ = {isa = PBXFileReference; lastKnownFileType = sourcecode.c.h; path = AppDelegate.h; sourceTree = "<group>"; };
		65451E381AE380DC00617DD1 /* AppDelegate.m */ = {isa = PBXFileReference; lastKnownFileType = sourcecode.c.objc; path = AppDelegate.m; sourceTree = "<group>"; };
		65451E3A1AE380DC00617DD1 /* main.m */ = {isa = PBXFileReference; lastKnownFileType = sourcecode.c.objc; path = main.m; sourceTree = "<group>"; };
		65451E3C1AE380DC00617DD1 /* ViewController.h */ = {isa = PBXFileReference; lastKnownFileType = sourcecode.c.h; path = ViewController.h; sourceTree = "<group>"; };
		65451E3D1AE380DC00617DD1 /* ViewController.m */ = {isa = PBXFileReference; lastKnownFileType = sourcecode.c.objc; path = ViewController.m; sourceTree = "<group>"; };
		65451E3F1AE380DC00617DD1 /* Images.xcassets */ = {isa = PBXFileReference; lastKnownFileType = folder.assetcatalog; path = Images.xcassets; sourceTree = "<group>"; };
		65451E421AE380DC00617DD1 /* Base */ = {isa = PBXFileReference; lastKnownFileType = file.storyboard; name = Base; path = Base.lproj/Main.storyboard; sourceTree = "<group>"; };
		65451E481AE380DC00617DD1 /* TrackButsTests.xctest */ = {isa = PBXFileReference; explicitFileType = wrapper.cfbundle; includeInIndex = 0; path = TrackButsTests.xctest; sourceTree = BUILT_PRODUCTS_DIR; };
		65451E4D1AE380DC00617DD1 /* Info.plist */ = {isa = PBXFileReference; lastKnownFileType = text.plist.xml; path = Info.plist; sourceTree = "<group>"; };
		65451E4E1AE380DC00617DD1 /* TrackButsTests.m */ = {isa = PBXFileReference; lastKnownFileType = sourcecode.c.objc; path = TrackButsTests.m; sourceTree = "<group>"; };
		65725A191AEA660F00635994 /* TBFiles.h */ = {isa = PBXFileReference; fileEncoding = 4; lastKnownFileType = sourcecode.c.h; path = TBFiles.h; sourceTree = "<group>"; };
		65725A1A1AEA660F00635994 /* TBFiles.m */ = {isa = PBXFileReference; fileEncoding = 4; lastKnownFileType = sourcecode.c.objc; path = TBFiles.m; sourceTree = "<group>"; };
		65725A1D1AEA6D8F00635994 /* TBLogConfigure.h */ = {isa = PBXFileReference; fileEncoding = 4; lastKnownFileType = sourcecode.c.h; path = TBLogConfigure.h; sourceTree = "<group>"; };
		65725A1E1AEA6D8F00635994 /* TBLogConfigure.m */ = {isa = PBXFileReference; fileEncoding = 4; lastKnownFileType = sourcecode.c.objc; path = TBLogConfigure.m; sourceTree = "<group>"; };
		65725A201AEA6F9F00635994 /* TBSettings.h */ = {isa = PBXFileReference; fileEncoding = 4; lastKnownFileType = sourcecode.c.h; path = TBSettings.h; sourceTree = "<group>"; };
		65725A211AEA6F9F00635994 /* TBSettings.m */ = {isa = PBXFileReference; fileEncoding = 4; lastKnownFileType = sourcecode.c.objc; path = TBSettings.m; sourceTree = "<group>"; };
		65725A231AEA766B00635994 /* TBLog.h */ = {isa = PBXFileReference; fileEncoding = 4; lastKnownFileType = sourcecode.c.h; path = TBLog.h; sourceTree = "<group>"; };
		65725A241AEA766B00635994 /* TBLog.m */ = {isa = PBXFileReference; fileEncoding = 4; lastKnownFileType = sourcecode.c.objc; path = TBLog.m; sourceTree = "<group>"; };
		65B91F5C1AE38272005FF61A /* TBAuthManager.h */ = {isa = PBXFileReference; fileEncoding = 4; lastKnownFileType = sourcecode.c.h; path = TBAuthManager.h; sourceTree = "<group>"; };
		65B91F5D1AE38272005FF61A /* TBAuthManager.m */ = {isa = PBXFileReference; fileEncoding = 4; lastKnownFileType = sourcecode.c.objc; path = TBAuthManager.m; sourceTree = "<group>"; };
		65B91F601AE382D1005FF61A /* TBConfigure.h */ = {isa = PBXFileReference; fileEncoding = 4; lastKnownFileType = sourcecode.c.h; path = TBConfigure.h; sourceTree = "<group>"; };
		65B91F611AE382D1005FF61A /* TBConfigure.m */ = {isa = PBXFileReference; fileEncoding = 4; lastKnownFileType = sourcecode.c.objc; path = TBConfigure.m; sourceTree = "<group>"; };
		E0EF9CF872AF30F5FC3DE4C1 /* libPods-TrackButs.a */ = {isa = PBXFileReference; explicitFileType = archive.ar; includeInIndex = 0; path = "libPods-TrackButs.a"; sourceTree = BUILT_PRODUCTS_DIR; };
/* End PBXFileReference section */

/* Begin PBXFrameworksBuildPhase section */
		65451E2F1AE380DC00617DD1 /* Frameworks */ = {
			isa = PBXFrameworksBuildPhase;
			buildActionMask = 2147483647;
			files = (
				16E2870A6EEAB8B000AA43B5 /* libPods-TrackButs.a in Frameworks */,
			);
			runOnlyForDeploymentPostprocessing = 0;
		};
		65451E451AE380DC00617DD1 /* Frameworks */ = {
			isa = PBXFrameworksBuildPhase;
			buildActionMask = 2147483647;
			files = (
			);
			runOnlyForDeploymentPostprocessing = 0;
		};
/* End PBXFrameworksBuildPhase section */

/* Begin PBXGroup section */
		65451E291AE380DC00617DD1 = {
			isa = PBXGroup;
			children = (
				65451E341AE380DC00617DD1 /* TrackButs */,
				65451E4B1AE380DC00617DD1 /* TrackButsTests */,
				65451E331AE380DC00617DD1 /* Products */,
				7EFC859046975B976DB614C6 /* Pods */,
				EE5A7DF00A3A840102734D62 /* Frameworks */,
			);
			sourceTree = "<group>";
		};
		65451E331AE380DC00617DD1 /* Products */ = {
			isa = PBXGroup;
			children = (
				65451E321AE380DC00617DD1 /* TrackButs.app */,
				65451E481AE380DC00617DD1 /* TrackButsTests.xctest */,
			);
			name = Products;
			sourceTree = "<group>";
		};
		65451E341AE380DC00617DD1 /* TrackButs */ = {
			isa = PBXGroup;
			children = (
				65B91F5A1AE38260005FF61A /* Classes */,
				65451E371AE380DC00617DD1 /* AppDelegate.h */,
				65451E381AE380DC00617DD1 /* AppDelegate.m */,
				65451E3C1AE380DC00617DD1 /* ViewController.h */,
				65451E3D1AE380DC00617DD1 /* ViewController.m */,
				65451E3F1AE380DC00617DD1 /* Images.xcassets */,
				65451E411AE380DC00617DD1 /* Main.storyboard */,
				65451E351AE380DC00617DD1 /* Supporting Files */,
			);
			path = TrackButs;
			sourceTree = "<group>";
		};
		65451E351AE380DC00617DD1 /* Supporting Files */ = {
			isa = PBXGroup;
			children = (
				65451E361AE380DC00617DD1 /* Info.plist */,
				65451E3A1AE380DC00617DD1 /* main.m */,
			);
			name = "Supporting Files";
			sourceTree = "<group>";
		};
		65451E4B1AE380DC00617DD1 /* TrackButsTests */ = {
			isa = PBXGroup;
			children = (
				65451E4E1AE380DC00617DD1 /* TrackButsTests.m */,
				65451E4C1AE380DC00617DD1 /* Supporting Files */,
			);
			path = TrackButsTests;
			sourceTree = "<group>";
		};
		65451E4C1AE380DC00617DD1 /* Supporting Files */ = {
			isa = PBXGroup;
			children = (
				65451E4D1AE380DC00617DD1 /* Info.plist */,
			);
			name = "Supporting Files";
			sourceTree = "<group>";
		};
		65725A171AEA65F600635994 /* Utilities */ = {
			isa = PBXGroup;
			children = (
				65725A1C1AEA6D8100635994 /* Logs */,
				65725A181AEA65F600635994 /* Files */,
			);
			path = Utilities;
			sourceTree = "<group>";
		};
		65725A181AEA65F600635994 /* Files */ = {
			isa = PBXGroup;
			children = (
				65725A191AEA660F00635994 /* TBFiles.h */,
				65725A1A1AEA660F00635994 /* TBFiles.m */,
			);
			path = Files;
			sourceTree = "<group>";
		};
		65725A1C1AEA6D8100635994 /* Logs */ = {
			isa = PBXGroup;
			children = (
				65725A1D1AEA6D8F00635994 /* TBLogConfigure.h */,
				65725A1E1AEA6D8F00635994 /* TBLogConfigure.m */,
				65725A231AEA766B00635994 /* TBLog.h */,
				65725A241AEA766B00635994 /* TBLog.m */,
			);
			path = Logs;
			sourceTree = "<group>";
		};
		65B91F5A1AE38260005FF61A /* Classes */ = {
			isa = PBXGroup;
			children = (
				65725A171AEA65F600635994 /* Utilities */,
				65B91F5F1AE38294005FF61A /* Configure */,
				65B91F5B1AE38260005FF61A /* Auth */,
			);
			path = Classes;
			sourceTree = "<group>";
		};
		65B91F5B1AE38260005FF61A /* Auth */ = {
			isa = PBXGroup;
			children = (
				65B91F5C1AE38272005FF61A /* TBAuthManager.h */,
				65B91F5D1AE38272005FF61A /* TBAuthManager.m */,
			);
			path = Auth;
			sourceTree = "<group>";
		};
		65B91F5F1AE38294005FF61A /* Configure */ = {
			isa = PBXGroup;
			children = (
				65B91F601AE382D1005FF61A /* TBConfigure.h */,
				65B91F611AE382D1005FF61A /* TBConfigure.m */,
				65725A201AEA6F9F00635994 /* TBSettings.h */,
				65725A211AEA6F9F00635994 /* TBSettings.m */,
			);
			path = Configure;
			sourceTree = "<group>";
		};
		7EFC859046975B976DB614C6 /* Pods */ = {
			isa = PBXGroup;
			children = (
				51A66DF0EBE738CD5D720E1B /* Pods-TrackButs.debug.xcconfig */,
				506B8A18B51160B1A42FECF6 /* Pods-TrackButs.release.xcconfig */,
			);
			name = Pods;
			sourceTree = "<group>";
		};
		EE5A7DF00A3A840102734D62 /* Frameworks */ = {
			isa = PBXGroup;
			children = (
				E0EF9CF872AF30F5FC3DE4C1 /* libPods-TrackButs.a */,
			);
			name = Frameworks;
			sourceTree = "<group>";
		};
/* End PBXGroup section */

/* Begin PBXNativeTarget section */
		65451E311AE380DC00617DD1 /* TrackButs */ = {
			isa = PBXNativeTarget;
			buildConfigurationList = 65451E521AE380DC00617DD1 /* Build configuration list for PBXNativeTarget "TrackButs" */;
			buildPhases = (
				E7C2616CA52F16C2CC8F1582 /* Check Pods Manifest.lock */,
				65451E2E1AE380DC00617DD1 /* Sources */,
				65451E2F1AE380DC00617DD1 /* Frameworks */,
				65451E301AE380DC00617DD1 /* Resources */,
				D571F413651B3C24CC30A823 /* Copy Pods Resources */,
			);
			buildRules = (
			);
			dependencies = (
			);
			name = TrackButs;
			productName = TrackButs;
			productReference = 65451E321AE380DC00617DD1 /* TrackButs.app */;
			productType = "com.apple.product-type.application";
		};
		65451E471AE380DC00617DD1 /* TrackButsTests */ = {
			isa = PBXNativeTarget;
			buildConfigurationList = 65451E551AE380DC00617DD1 /* Build configuration list for PBXNativeTarget "TrackButsTests" */;
			buildPhases = (
				65451E441AE380DC00617DD1 /* Sources */,
				65451E451AE380DC00617DD1 /* Frameworks */,
				65451E461AE380DC00617DD1 /* Resources */,
			);
			buildRules = (
			);
			dependencies = (
				65451E4A1AE380DC00617DD1 /* PBXTargetDependency */,
			);
			name = TrackButsTests;
			productName = TrackButsTests;
			productReference = 65451E481AE380DC00617DD1 /* TrackButsTests.xctest */;
			productType = "com.apple.product-type.bundle.unit-test";
		};
/* End PBXNativeTarget section */

/* Begin PBXProject section */
		65451E2A1AE380DC00617DD1 /* Project object */ = {
			isa = PBXProject;
			attributes = {
				LastUpgradeCheck = 0620;
				ORGANIZATIONNAME = stonedong;
				TargetAttributes = {
					65451E311AE380DC00617DD1 = {
						CreatedOnToolsVersion = 6.2;
					};
					65451E471AE380DC00617DD1 = {
						CreatedOnToolsVersion = 6.2;
						TestTargetID = 65451E311AE380DC00617DD1;
					};
				};
			};
			buildConfigurationList = 65451E2D1AE380DC00617DD1 /* Build configuration list for PBXProject "TrackButs" */;
			compatibilityVersion = "Xcode 3.2";
			developmentRegion = English;
			hasScannedForEncodings = 0;
			knownRegions = (
				en,
				Base,
			);
			mainGroup = 65451E291AE380DC00617DD1;
			productRefGroup = 65451E331AE380DC00617DD1 /* Products */;
			projectDirPath = "";
			projectRoot = "";
			targets = (
				65451E311AE380DC00617DD1 /* TrackButs */,
				65451E471AE380DC00617DD1 /* TrackButsTests */,
			);
		};
/* End PBXProject section */

/* Begin PBXResourcesBuildPhase section */
		65451E301AE380DC00617DD1 /* Resources */ = {
			isa = PBXResourcesBuildPhase;
			buildActionMask = 2147483647;
			files = (
				65451E401AE380DC00617DD1 /* Images.xcassets in Resources */,
				65451E431AE380DC00617DD1 /* Main.storyboard in Resources */,
			);
			runOnlyForDeploymentPostprocessing = 0;
		};
		65451E461AE380DC00617DD1 /* Resources */ = {
			isa = PBXResourcesBuildPhase;
			buildActionMask = 2147483647;
			files = (
			);
			runOnlyForDeploymentPostprocessing = 0;
		};
/* End PBXResourcesBuildPhase section */

/* Begin PBXShellScriptBuildPhase section */
		D571F413651B3C24CC30A823 /* Copy Pods Resources */ = {
			isa = PBXShellScriptBuildPhase;
			buildActionMask = 2147483647;
			files = (
			);
			inputPaths = (
			);
			name = "Copy Pods Resources";
			outputPaths = (
			);
			runOnlyForDeploymentPostprocessing = 0;
			shellPath = /bin/sh;
			shellScript = "\"${SRCROOT}/Pods/Target Support Files/Pods-TrackButs/Pods-TrackButs-resources.sh\"\n";
			showEnvVarsInLog = 0;
		};
		E7C2616CA52F16C2CC8F1582 /* Check Pods Manifest.lock */ = {
			isa = PBXShellScriptBuildPhase;
			buildActionMask = 2147483647;
			files = (
			);
			inputPaths = (
			);
			name = "Check Pods Manifest.lock";
			outputPaths = (
			);
			runOnlyForDeploymentPostprocessing = 0;
			shellPath = /bin/sh;
			shellScript = "diff \"${PODS_ROOT}/../Podfile.lock\" \"${PODS_ROOT}/Manifest.lock\" > /dev/null\nif [[ $? != 0 ]] ; then\n    cat << EOM\nerror: The sandbox is not in sync with the Podfile.lock. Run 'pod install' or update your CocoaPods installation.\nEOM\n    exit 1\nfi\n";
			showEnvVarsInLog = 0;
		};
/* End PBXShellScriptBuildPhase section */

/* Begin PBXSourcesBuildPhase section */
		65451E2E1AE380DC00617DD1 /* Sources */ = {
			isa = PBXSourcesBuildPhase;
			buildActionMask = 2147483647;
			files = (
				65B91F621AE382D1005FF61A /* TBConfigure.m in Sources */,
				65725A1F1AEA6D8F00635994 /* TBLogConfigure.m in Sources */,
				65725A1B1AEA660F00635994 /* TBFiles.m in Sources */,
				65451E3E1AE380DC00617DD1 /* ViewController.m in Sources */,
				65B91F5E1AE38272005FF61A /* TBAuthManager.m in Sources */,
				65451E3B1AE380DC00617DD1 /* main.m in Sources */,
				65725A251AEA766B00635994 /* TBLog.m in Sources */,
				65725A221AEA6F9F00635994 /* TBSettings.m in Sources */,
				65451E391AE380DC00617DD1 /* AppDelegate.m in Sources */,
			);
			runOnlyForDeploymentPostprocessing = 0;
		};
		65451E441AE380DC00617DD1 /* Sources */ = {
			isa = PBXSourcesBuildPhase;
			buildActionMask = 2147483647;
			files = (
				65451E4F1AE380DC00617DD1 /* TrackButsTests.m in Sources */,
			);
			runOnlyForDeploymentPostprocessing = 0;
		};
/* End PBXSourcesBuildPhase section */

/* Begin PBXTargetDependency section */
		65451E4A1AE380DC00617DD1 /* PBXTargetDependency */ = {
			isa = PBXTargetDependency;
			target = 65451E311AE380DC00617DD1 /* TrackButs */;
			targetProxy = 65451E491AE380DC00617DD1 /* PBXContainerItemProxy */;
		};
/* End PBXTargetDependency section */

/* Begin PBXVariantGroup section */
		65451E411AE380DC00617DD1 /* Main.storyboard */ = {
			isa = PBXVariantGroup;
			children = (
				65451E421AE380DC00617DD1 /* Base */,
			);
			name = Main.storyboard;
			sourceTree = "<group>";
		};
/* End PBXVariantGroup section */

/* Begin XCBuildConfiguration section */
		65451E501AE380DC00617DD1 /* Debug */ = {
			isa = XCBuildConfiguration;
			buildSettings = {
				ALWAYS_SEARCH_USER_PATHS = NO;
				CLANG_CXX_LANGUAGE_STANDARD = "gnu++0x";
				CLANG_CXX_LIBRARY = "libc++";
				CLANG_ENABLE_MODULES = YES;
				CLANG_ENABLE_OBJC_ARC = YES;
				CLANG_WARN_BOOL_CONVERSION = YES;
				CLANG_WARN_CONSTANT_CONVERSION = YES;
				CLANG_WARN_DIRECT_OBJC_ISA_USAGE = YES_ERROR;
				CLANG_WARN_EMPTY_BODY = YES;
				CLANG_WARN_ENUM_CONVERSION = YES;
				CLANG_WARN_INT_CONVERSION = YES;
				CLANG_WARN_OBJC_ROOT_CLASS = YES_ERROR;
				CLANG_WARN_UNREACHABLE_CODE = YES;
				CLANG_WARN__DUPLICATE_METHOD_MATCH = YES;
				CODE_SIGN_IDENTITY = "-";
				COPY_PHASE_STRIP = NO;
				ENABLE_STRICT_OBJC_MSGSEND = YES;
				GCC_C_LANGUAGE_STANDARD = gnu99;
				GCC_DYNAMIC_NO_PIC = NO;
				GCC_OPTIMIZATION_LEVEL = 0;
				GCC_PREPROCESSOR_DEFINITIONS = (
					"DEBUG=1",
					"$(inherited)",
				);
				GCC_SYMBOLS_PRIVATE_EXTERN = NO;
				GCC_WARN_64_TO_32_BIT_CONVERSION = YES;
				GCC_WARN_ABOUT_RETURN_TYPE = YES_ERROR;
				GCC_WARN_UNDECLARED_SELECTOR = YES;
				GCC_WARN_UNINITIALIZED_AUTOS = YES_AGGRESSIVE;
				GCC_WARN_UNUSED_FUNCTION = YES;
				GCC_WARN_UNUSED_VARIABLE = YES;
				MACOSX_DEPLOYMENT_TARGET = 10.10;
				MTL_ENABLE_DEBUG_INFO = YES;
				ONLY_ACTIVE_ARCH = YES;
				SDKROOT = macosx;
			};
			name = Debug;
		};
		65451E511AE380DC00617DD1 /* Release */ = {
			isa = XCBuildConfiguration;
			buildSettings = {
				ALWAYS_SEARCH_USER_PATHS = NO;
				CLANG_CXX_LANGUAGE_STANDARD = "gnu++0x";
				CLANG_CXX_LIBRARY = "libc++";
				CLANG_ENABLE_MODULES = YES;
				CLANG_ENABLE_OBJC_ARC = YES;
				CLANG_WARN_BOOL_CONVERSION = YES;
				CLANG_WARN_CONSTANT_CONVERSION = YES;
				CLANG_WARN_DIRECT_OBJC_ISA_USAGE = YES_ERROR;
				CLANG_WARN_EMPTY_BODY = YES;
				CLANG_WARN_ENUM_CONVERSION = YES;
				CLANG_WARN_INT_CONVERSION = YES;
				CLANG_WARN_OBJC_ROOT_CLASS = YES_ERROR;
				CLANG_WARN_UNREACHABLE_CODE = YES;
				CLANG_WARN__DUPLICATE_METHOD_MATCH = YES;
				CODE_SIGN_IDENTITY = "-";
				COPY_PHASE_STRIP = NO;
				DEBUG_INFORMATION_FORMAT = "dwarf-with-dsym";
				ENABLE_NS_ASSERTIONS = NO;
				ENABLE_STRICT_OBJC_MSGSEND = YES;
				GCC_C_LANGUAGE_STANDARD = gnu99;
				GCC_WARN_64_TO_32_BIT_CONVERSION = YES;
				GCC_WARN_ABOUT_RETURN_TYPE = YES_ERROR;
				GCC_WARN_UNDECLARED_SELECTOR = YES;
				GCC_WARN_UNINITIALIZED_AUTOS = YES_AGGRESSIVE;
				GCC_WARN_UNUSED_FUNCTION = YES;
				GCC_WARN_UNUSED_VARIABLE = YES;
				MACOSX_DEPLOYMENT_TARGET = 10.10;
				MTL_ENABLE_DEBUG_INFO = NO;
				SDKROOT = macosx;
			};
			name = Release;
		};
		65451E531AE380DC00617DD1 /* Debug */ = {
			isa = XCBuildConfiguration;
			baseConfigurationReference = 51A66DF0EBE738CD5D720E1B /* Pods-TrackButs.debug.xcconfig */;
			buildSettings = {
				ASSETCATALOG_COMPILER_APPICON_NAME = AppIcon;
				COMBINE_HIDPI_IMAGES = YES;
				INFOPLIST_FILE = TrackButs/Info.plist;
				LD_RUNPATH_SEARCH_PATHS = "$(inherited) @executable_path/../Frameworks";
				PRODUCT_NAME = "$(TARGET_NAME)";
			};
			name = Debug;
		};
		65451E541AE380DC00617DD1 /* Release */ = {
			isa = XCBuildConfiguration;
			baseConfigurationReference = 506B8A18B51160B1A42FECF6 /* Pods-TrackButs.release.xcconfig */;
			buildSettings = {
				ASSETCATALOG_COMPILER_APPICON_NAME = AppIcon;
				COMBINE_HIDPI_IMAGES = YES;
				INFOPLIST_FILE = TrackButs/Info.plist;
				LD_RUNPATH_SEARCH_PATHS = "$(inherited) @executable_path/../Frameworks";
				PRODUCT_NAME = "$(TARGET_NAME)";
			};
			name = Release;
		};
		65451E561AE380DC00617DD1 /* Debug */ = {
			isa = XCBuildConfiguration;
			buildSettings = {
				BUNDLE_LOADER = "$(TEST_HOST)";
				COMBINE_HIDPI_IMAGES = YES;
				FRAMEWORK_SEARCH_PATHS = (
					"$(DEVELOPER_FRAMEWORKS_DIR)",
					"$(inherited)",
				);
				GCC_PREPROCESSOR_DEFINITIONS = (
					"DEBUG=1",
					"$(inherited)",
				);
				INFOPLIST_FILE = TrackButsTests/Info.plist;
				LD_RUNPATH_SEARCH_PATHS = "$(inherited) @executable_path/../Frameworks @loader_path/../Frameworks";
				PRODUCT_NAME = "$(TARGET_NAME)";
				TEST_HOST = "$(BUILT_PRODUCTS_DIR)/TrackButs.app/Contents/MacOS/TrackButs";
			};
			name = Debug;
		};
		65451E571AE380DC00617DD1 /* Release */ = {
			isa = XCBuildConfiguration;
			buildSettings = {
				BUNDLE_LOADER = "$(TEST_HOST)";
				COMBINE_HIDPI_IMAGES = YES;
				FRAMEWORK_SEARCH_PATHS = (
					"$(DEVELOPER_FRAMEWORKS_DIR)",
					"$(inherited)",
				);
				INFOPLIST_FILE = TrackButsTests/Info.plist;
				LD_RUNPATH_SEARCH_PATHS = "$(inherited) @executable_path/../Frameworks @loader_path/../Frameworks";
				PRODUCT_NAME = "$(TARGET_NAME)";
				TEST_HOST = "$(BUILT_PRODUCTS_DIR)/TrackButs.app/Contents/MacOS/TrackButs";
			};
			name = Release;
		};
/* End XCBuildConfiguration section */

/* Begin XCConfigurationList section */
		65451E2D1AE380DC00617DD1 /* Build configuration list for PBXProject "TrackButs" */ = {
			isa = XCConfigurationList;
			buildConfigurations = (
				65451E501AE380DC00617DD1 /* Debug */,
				65451E511AE380DC00617DD1 /* Release */,
			);
			defaultConfigurationIsVisible = 0;
			defaultConfigurationName = Release;
		};
		65451E521AE380DC00617DD1 /* Build configuration list for PBXNativeTarget "TrackButs" */ = {
			isa = XCConfigurationList;
			buildConfigurations = (
				65451E531AE380DC00617DD1 /* Debug */,
				65451E541AE380DC00617DD1 /* Release */,
			);
			defaultConfigurationIsVisible = 0;
			defaultConfigurationName = Release;
		};
		65451E551AE380DC00617DD1 /* Build configuration list for PBXNativeTarget "TrackButsTests" */ = {
			isa = XCConfigurationList;
			buildConfigurations = (
				65451E561AE380DC00617DD1 /* Debug */,
				65451E571AE380DC00617DD1 /* Release */,
			);
			defaultConfigurationIsVisible = 0;
			defaultConfigurationName = Release;
		};
/* End XCConfigurationList section */
	};
	rootObject = 65451E2A1AE380DC00617DD1 /* Project object */;
}
